{
  "version": 4,
  "terraform_version": "1.12.2",
  "serial": 11,
  "lineage": "117ac8cb-a7a0-b2d3-2817-622cac94e4cc",
  "outputs": {},
  "resources": [
    {
      "mode": "managed",
      "type": "local_file",
      "name": "example",
      "provider": "provider[\"registry.terraform.io/hashicorp/local\"]",
      "instances": [
        {
          "index_key": "app1",
          "schema_version": 0,
          "attributes": {
            "content": "VM app1 runs OS Windows",
            "content_base64": null,
            "content_base64sha256": "WmR0o0P7EWVEHhVmXk2W40T1ex7lFRRb8scU89MkWQY=",
            "content_base64sha512": "aObjjMXk1ZblVsI0FGmkjbpf8Mz5gPN8KsYFx7mB7Qm63U+dWApi8dPLWdTQCqrj7+h7uUgYTIR4m2FABGRy+A==",
            "content_md5": "fe7b8e34ed91df18a5d0a5a8989ce4c5",
            "content_sha1": "a5d26c91f1d45c584a32fa6fba3c2ab444a27273",
            "content_sha256": "5a6474a343fb1165441e15665e4d96e344f57b1ee515145bf2c714f3d3245906",
            "content_sha512": "68e6e38cc5e4d596e556c2341469a48dba5ff0ccf980f37c2ac605c7b981ed09badd4f9d580a62f1d3cb59d4d00aaae3efe87bb948184c84789b6140046472f8",
            "directory_permission": "0777",
            "file_permission": "0777",
            "filename": "./app1.txt",
            "id": "a5d26c91f1d45c584a32fa6fba3c2ab444a27273",
            "sensitive_content": null,
            "source": null
          },
          "sensitive_attributes": [
            [
              {
                "type": "get_attr",
                "value": "sensitive_content"
              }
            ]
          ],
          "identity_schema_version": 0
        },
        {
          "index_key": "app2",
          "schema_version": 0,
          "attributes": {
            "content": "VM app2 runs OS Linux",
            "content_base64": null,
            "content_base64sha256": "09EWIuIy6NpGrX/v/anXg/2EOimc8ZHGT0QsewmgNvM=",
            "content_base64sha512": "yG1wZhk+LlX59N65kFMUD00OpmH3amuFesSGPzS6LXDh8WK3Lpm55Kitwjti8t+HysStua7JpMs2sfAqAwSP4A==",
            "content_md5": "c20af447bbcb65bf2f9c03f2ceae5772",
            "content_sha1": "2d064cd553e0db206f16e634dab005d82c55738c",
            "content_sha256": "d3d11622e232e8da46ad7feffda9d783fd843a299cf191c64f442c7b09a036f3",
            "content_sha512": "c86d7066193e2e55f9f4deb99053140f4d0ea661f76a6b857ac4863f34ba2d70e1f162b72e99b9e4a8adc23b62f2df87cac4adb9aec9a4cb36b1f02a03048fe0",
            "directory_permission": "0777",
            "file_permission": "0777",
            "filename": "./app2.txt",
            "id": "2d064cd553e0db206f16e634dab005d82c55738c",
            "sensitive_content": null,
            "source": null
          },
          "sensitive_attributes": [
            [
              {
                "type": "get_attr",
                "value": "sensitive_content"
              }
            ]
          ],
          "identity_schema_version": 0
        },
        {
          "index_key": "app3",
          "schema_version": 0,
          "attributes": {
            "content": "VM app3 runs OS Ubuntu",
            "content_base64": null,
            "content_base64sha256": "DZOVGzE2q5/a1uzc7HcCZztR6RrJBoZyH/TAAXVcuEM=",
            "content_base64sha512": "BncEzjSEStd8go4Wi5viRGJ5PRoZ6lRFgdHkSyqQ2oq/ytwL9QfxwaKZm8NqEaoKga30ZOQw/9SniAaGQoWc3w==",
            "content_md5": "2d6a625180ce924ca65252271cd8f8a1",
            "content_sha1": "36e5ba1f38f4175fb30b70a767c2fc4854d9992e",
            "content_sha256": "0d93951b3136ab9fdad6ecdcec7702673b51e91ac90686721ff4c001755cb843",
            "content_sha512": "067704ce34844ad77c828e168b9be24462793d1a19ea544581d1e44b2a90da8abfcadc0bf507f1c1a2999bc36a11aa0a81adf464e430ffd4a788068642859cdf",
            "directory_permission": "0777",
            "file_permission": "0777",
            "filename": "./app3.txt",
            "id": "36e5ba1f38f4175fb30b70a767c2fc4854d9992e",
            "sensitive_content": null,
            "source": null
          },
          "sensitive_attributes": [
            [
              {
                "type": "get_attr",
                "value": "sensitive_content"
              }
            ]
          ],
          "identity_schema_version": 0
        }
      ]
    }
  ],
  "check_results": null
}
