{
  "version": 4,
  "terraform_version": "1.12.2",
  "serial": 6,
  "lineage": "2cfa5f4b-c414-2726-7b5c-acc52b803e37",
  "outputs": {
    "m1f1": {
      "value": "7941f0cadbe03ff1ad253c2d2abccf5493db6ea6",
      "type": "string"
    },
    "m2f2": {
      "value": "07f82aa0a4b3ffe4c967d6e52e639c7639a1e20f",
      "type": "string"
    }
  },
  "resources": [
    {
      "module": "module.m1",
      "mode": "managed",
      "type": "local_file",
      "name": "resfil",
      "provider": "provider[\"registry.terraform.io/hashicorp/local\"]",
      "instances": [
        {
          "schema_version": 0,
          "attributes": {
            "content": "Content from Module m1",
            "content_base64": null,
            "content_base64sha256": "hOZgQKBktZAq63V5ZtE87LhVXLyi8OrYTYkaGFCMRx0=",
            "content_base64sha512": "mME1Ec9WBt7aq0JJviSgQrb4hliNFhqFZkKKDW+iO5MOlzV+QfvR5bltoJZSyD3GJIttRv23tt32Qwl+BYqJRQ==",
            "content_md5": "a538d0404826b4279ab3384b8df23ff3",
            "content_sha1": "7941f0cadbe03ff1ad253c2d2abccf5493db6ea6",
            "content_sha256": "84e66040a064b5902aeb757966d13cecb8555cbca2f0ead84d891a18508c471d",
            "content_sha512": "98c13511cf5606dedaab4249be24a042b6f886588d161a8566428a0d6fa23b930e97357e41fbd1e5b96da09652c83dc6248b6d46fdb7b6ddf643097e058a8945",
            "directory_permission": "0777",
            "file_permission": "0777",
            "filename": "m1file.xt",
            "id": "7941f0cadbe03ff1ad253c2d2abccf5493db6ea6",
            "sensitive_content": null,
            "source": null
          },
          "sensitive_attributes": [
            [
              {
                "type": "get_attr",
                "value": "sensitive_content"
              }
            ]
          ],
          "identity_schema_version": 0
        }
      ]
    },
    {
      "module": "module.m2",
      "mode": "managed",
      "type": "local_file",
      "name": "resfil",
      "provider": "provider[\"registry.terraform.io/hashicorp/local\"]",
      "instances": [
        {
          "schema_version": 0,
          "attributes": {
            "content": "Content from Module m2",
            "content_base64": null,
            "content_base64sha256": "zVMexatHmjzCJmn6RdNs3cuYtWmSHQg2WnVTswLARzU=",
            "content_base64sha512": "TlnWIHN8iL+fiAWfgMzmRXmTG+9Rk3CIrFDQA0BLs0Cn/rBPeATszm/nQImcV38MEhYQC7IVFWc7OGIa1TCT2g==",
            "content_md5": "425284951ec3d312ea8d18211cc395fb",
            "content_sha1": "07f82aa0a4b3ffe4c967d6e52e639c7639a1e20f",
            "content_sha256": "cd531ec5ab479a3cc22669fa45d36cddcb98b569921d08365a7553b302c04735",
            "content_sha512": "4e59d620737c88bf9f88059f80cce64579931bef51937088ac50d003404bb340a7feb04f7804ecce6fe740899c577f0c1216100bb21515673b38621ad53093da",
            "directory_permission": "0777",
            "file_permission": "0777",
            "filename": "m2file.txt",
            "id": "07f82aa0a4b3ffe4c967d6e52e639c7639a1e20f",
            "sensitive_content": null,
            "source": null
          },
          "sensitive_attributes": [
            [
              {
                "type": "get_attr",
                "value": "sensitive_content"
              }
            ]
          ],
          "identity_schema_version": 0
        }
      ]
    },
    {
      "module": "module.m3",
      "mode": "managed",
      "type": "local_file",
      "name": "res1",
      "provider": "provider[\"registry.terraform.io/hashicorp/local\"]",
      "instances": [
        {
          "schema_version": 0,
          "attributes": {
            "content": "git.txt",
            "content_base64": null,
            "content_base64sha256": "vmehaeVYljYON/aVWO9BbUHJ64PqPS1lM1Vk8cSAlUM=",
            "content_base64sha512": "JNaT3XXEf2PrShf+otVc99U3RRm9QvYwULWshAiCqfk6l223ZKH2uXTuHh9axg9VhPH9TRgjr75QKjer9KvbRg==",
            "content_md5": "6cb24b93bb6907785edfb3ef551e3ce5",
            "content_sha1": "d13ebac976393e96f3f4b8d8b336b40c476f308c",
            "content_sha256": "be67a169e55896360e37f69558ef416d41c9eb83ea3d2d65335564f1c4809543",
            "content_sha512": "24d693dd75c47f63eb4a17fea2d55cf7d5374519bd42f63050b5ac840882a9f93a976db764a1f6b974ee1e1f5ac60f5584f1fd4d1823afbe502a37abf4abdb46",
            "directory_permission": "0777",
            "file_permission": "0777",
            "filename": "git.txt",
            "id": "d13ebac976393e96f3f4b8d8b336b40c476f308c",
            "sensitive_content": null,
            "source": null
          },
          "sensitive_attributes": [
            [
              {
                "type": "get_attr",
                "value": "sensitive_content"
              }
            ]
          ],
          "identity_schema_version": 0
        }
      ]
    }
  ],
  "check_results": null
}
