{
  "version": 4,
  "terraform_version": "1.12.2",
  "serial": 16,
  "lineage": "39b09ad5-090b-994e-447f-7fe11a1955ad",
  "outputs": {
    "pet_from_cli": {
      "value": "tender-reindeer",
      "type": "string"
    },
    "pet_from_env": {
      "value": "dev-concise-seal",
      "type": "string"
    },
    "random_id": {
      "value": "6d77a6dac43b",
      "type": "string"
    },
    "string_from_auto_tfvars": {
      "value": "9aFQlEQj",
      "type": "string"
    }
  },
  "resources": [
    {
      "mode": "managed",
      "type": "random_id",
      "name": "from_tfvars",
      "provider": "provider[\"registry.terraform.io/hashicorp/random\"]",
      "instances": [
        {
          "schema_version": 0,
          "attributes": {
            "b64_std": "bXem2sQ7",
            "b64_url": "bXem2sQ7",
            "byte_length": 6,
            "dec": "120360667890747",
            "hex": "6d77a6dac43b",
            "id": "bXem2sQ7",
            "keepers": null,
            "prefix": null
          },
          "sensitive_attributes": [],
          "identity_schema_version": 0
        }
      ]
    },
    {
      "mode": "managed",
      "type": "random_pet",
      "name": "from_cli",
      "provider": "provider[\"registry.terraform.io/hashicorp/random\"]",
      "instances": [
        {
          "schema_version": 0,
          "attributes": {
            "id": "tender-reindeer",
            "keepers": null,
            "length": 2,
            "prefix": null,
            "separator": "-"
          },
          "sensitive_attributes": [],
          "identity_schema_version": 0
        }
      ]
    },
    {
      "mode": "managed",
      "type": "random_pet",
      "name": "from_env",
      "provider": "provider[\"registry.terraform.io/hashicorp/random\"]",
      "instances": [
        {
          "schema_version": 0,
          "attributes": {
            "id": "dev-concise-seal",
            "keepers": null,
            "length": 2,
            "prefix": "dev",
            "separator": "-"
          },
          "sensitive_attributes": [],
          "identity_schema_version": 0
        }
      ]
    },
    {
      "mode": "managed",
      "type": "random_string",
      "name": "from_auto_tfvars",
      "provider": "provider[\"registry.terraform.io/hashicorp/random\"]",
      "instances": [
        {
          "schema_version": 2,
          "attributes": {
            "id": "9aFQlEQj",
            "keepers": null,
            "length": 8,
            "lower": true,
            "min_lower": 0,
            "min_numeric": 0,
            "min_special": 0,
            "min_upper": 0,
            "number": true,
            "numeric": true,
            "override_special": null,
            "result": "9aFQlEQj",
            "special": false,
            "upper": true
          },
          "sensitive_attributes": [],
          "identity_schema_version": 0
        }
      ]
    }
  ],
  "check_results": null
}
