{
  "version": 4,
  "terraform_version": "1.12.2",
  "serial": 1,
  "lineage": "b4f647f5-25ab-dd5f-989b-65f7fed2adc4",
  "outputs": {},
  "resources": [
    {
      "mode": "managed",
      "type": "local_file",
      "name": "example",
      "provider": "provider[\"registry.terraform.io/hashicorp/local\"]",
      "instances": [
        {
          "index_key": 0,
          "schema_version": 0,
          "attributes": {
            "content": "This file is for VM1",
            "content_base64": null,
            "content_base64sha256": "bqiuZQWsoM3uUtWLStxXDP8cuJax+KT4iHWUDv5R4ks=",
            "content_base64sha512": "aijwvz26y41tv/miREQZ2n3oVs7d/WpgytVAGaNIKctiyy+0cdXW+U02kKHpH413XaJRI8QV1HFXAF+mPh6H/w==",
            "content_md5": "b27b9b90927983427d20d97aec8c6d1b",
            "content_sha1": "5de3782c362b5356291328db2ada97b3df400291",
            "content_sha256": "6ea8ae6505aca0cdee52d58b4adc570cff1cb896b1f8a4f88875940efe51e24b",
            "content_sha512": "6a28f0bf3dbacb8d6dbff9a2444419da7de856ceddfd6a60cad54019a34829cb62cb2fb471d5d6f94d3690a1e91f8d775da25123c415d47157005fa63e1e87ff",
            "directory_permission": "0777",
            "file_permission": "0777",
            "filename": "./VM1.txt",
            "id": "5de3782c362b5356291328db2ada97b3df400291",
            "sensitive_content": null,
            "source": null
          },
          "sensitive_attributes": [
            [
              {
                "type": "get_attr",
                "value": "sensitive_content"
              }
            ]
          ],
          "identity_schema_version": 0
        },
        {
          "index_key": 1,
          "schema_version": 0,
          "attributes": {
            "content": "This file is for VM2",
            "content_base64": null,
            "content_base64sha256": "B+w4YieWNsoPzYy+cP8z86E0P5Lho5mANJRMnSLYehQ=",
            "content_base64sha512": "JPjWNj5oiAk724MII1WHcOvFbZjIPBnUyWxdPU/V22vfwQ0X9xyfEKV7saZMYBs5H6ckAP5QKpMyRfvzCWm8Mg==",
            "content_md5": "b99b3bd12fefcc12e91adb2732498193",
            "content_sha1": "7b896b4d248a3030f4baa636f31df9d45556093b",
            "content_sha256": "07ec3862279636ca0fcd8cbe70ff33f3a1343f92e1a3998034944c9d22d87a14",
            "content_sha512": "24f8d6363e6888093bdb830823558770ebc56d98c83c19d4c96c5d3d4fd5db6bdfc10d17f71c9f10a57bb1a64c601b391fa72400fe502a933245fbf30969bc32",
            "directory_permission": "0777",
            "file_permission": "0777",
            "filename": "./VM2.txt",
            "id": "7b896b4d248a3030f4baa636f31df9d45556093b",
            "sensitive_content": null,
            "source": null
          },
          "sensitive_attributes": [
            [
              {
                "type": "get_attr",
                "value": "sensitive_content"
              }
            ]
          ],
          "identity_schema_version": 0
        },
        {
          "index_key": 2,
          "schema_version": 0,
          "attributes": {
            "content": "This file is for VM3",
            "content_base64": null,
            "content_base64sha256": "KEQzrLRGeg0LiIafnFf4Mm7dAF5pq6bQCh/4z0MLGJc=",
            "content_base64sha512": "O5kj29/19RKsROb84IdQZ0pz72NkmX09aQ1PhVLTBa4mNRE05RtJW/mPfoNwmOU+n8EvZYFbplU8XNbFMVw2Lw==",
            "content_md5": "bc7c8f464fd3d29d5c7e170a4ec0cca4",
            "content_sha1": "d945a002e42d04d6b1863cc973d1961ac623e2c9",
            "content_sha256": "284433acb4467a0d0b88869f9c57f8326edd005e69aba6d00a1ff8cf430b1897",
            "content_sha512": "3b9923dbdff5f512ac44e6fce08750674a73ef6364997d3d690d4f8552d305ae26351134e51b495bf98f7e837098e53e9fc12f65815ba6553c5cd6c5315c362f",
            "directory_permission": "0777",
            "file_permission": "0777",
            "filename": "./VM3.txt",
            "id": "d945a002e42d04d6b1863cc973d1961ac623e2c9",
            "sensitive_content": null,
            "source": null
          },
          "sensitive_attributes": [
            [
              {
                "type": "get_attr",
                "value": "sensitive_content"
              }
            ]
          ],
          "identity_schema_version": 0
        }
      ]
    }
  ],
  "check_results": null
}
