{
  "version": 4,
  "terraform_version": "1.12.2",
  "serial": 1,
  "lineage": "bcd6adc6-522b-0169-b245-ea84005f934e",
  "outputs": {},
  "resources": [
    {
      "mode": "managed",
      "type": "local_file",
      "name": "filecreateion",
      "provider": "provider[\"registry.terraform.io/hashicorp/local\"]",
      "instances": [
        {
          "schema_version": 0,
          "attributes": {
            "content": "this is my first resource",
            "content_base64": null,
            "content_base64sha256": "G/QdSW+YHu7jVUdhyDsAjjH0mtDVG7MRNKULfSOnO4M=",
            "content_base64sha512": "N0HY3uOXVG0lczBveajP7Q0xkQFMCTgVuFXYZlKkwALweqnooVhxsI+LrQTkxyu75zTXBOy8MhbwxMkejUJO6Q==",
            "content_md5": "11dd27019a7dc8f816647b6f05028ad8",
            "content_sha1": "4784da75970c3c09b697c466d4144e54aa7c77aa",
            "content_sha256": "1bf41d496f981eeee3554761c83b008e31f49ad0d51bb31134a50b7d23a73b83",
            "content_sha512": "3741d8dee397546d2573306f79a8cfed0d3191014c093815b855d86652a4c002f07aa9e8a15871b08f8bad04e4c72bbbe734d704ecbc3216f0c4c91e8d424ee9",
            "directory_permission": "0777",
            "file_permission": "0777",
            "filename": " abc.txt",
            "id": "4784da75970c3c09b697c466d4144e54aa7c77aa",
            "sensitive_content": null,
            "source": null
          },
          "sensitive_attributes": [
            [
              {
                "type": "get_attr",
                "value": "sensitive_content"
              }
            ]
          ],
          "identity_schema_version": 0
        }
      ]
    }
  ],
  "check_results": null
}
