{
  "version": 4,
  "terraform_version": "1.12.2",
  "serial": 1,
  "lineage": "4e11d977-0252-11dd-f725-5b62054910f4",
  "outputs": {},
  "resources": [
    {
      "mode": "managed",
      "type": "local_file",
      "name": "example",
      "provider": "provider[\"registry.terraform.io/hashicorp/local\"]",
      "instances": [
        {
          "schema_version": 0,
          "attributes": {
            "content": "Original file",
            "content_base64": null,
            "content_base64sha256": "DuCLMhkR1sUwlUwruMhLVA7p4S0/V7zPvJAH40bUsWM=",
            "content_base64sha512": "1/n6qwKAKaqWMkGXw2BS5Iophg5d8SzQUkQQnals4YGZPg2/ZhCvVlq7AL+3I+9yKSxYkU2Z+tdIF0hT0owoXw==",
            "content_md5": "5224b58fae71667090d075d0b7e56771",
            "content_sha1": "9139c8df6e7c26408fd0eacb21241cbb382b55d2",
            "content_sha256": "0ee08b321911d6c530954c2bb8c84b540ee9e12d3f57bccfbc9007e346d4b163",
            "content_sha512": "d7f9faab028029aa96324197c36052e48a29860e5df12cd05244109da96ce181993e0dbf6610af565abb00bfb723ef72292c58914d99fad748174853d28c285f",
            "directory_permission": "0777",
            "file_permission": "0777",
            "filename": "./cbd.txt",
            "id": "9139c8df6e7c26408fd0eacb21241cbb382b55d2",
            "sensitive_content": null,
            "source": null
          },
          "sensitive_attributes": [
            [
              {
                "type": "get_attr",
                "value": "sensitive_content"
              }
            ]
          ],
          "identity_schema_version": 0,
          "create_before_destroy": true
        }
      ]
    }
  ],
  "check_results": null
}
