{
  "version": 4,
  "terraform_version": "1.12.2",
  "serial": 3,
  "lineage": "213a5c98-e914-375f-9b81-f03fc944bcb8",
  "outputs": {},
  "resources": [
    {
      "mode": "managed",
      "type": "local_file",
      "name": "app",
      "provider": "provider[\"registry.terraform.io/hashicorp/local\"]",
      "instances": [
        {
          "schema_version": 0,
          "attributes": {
            "content": "App depends on config",
            "content_base64": null,
            "content_base64sha256": "JILlE/udkImQ2iQMgiU5yR0Gr82Xe950BrUYlBDYffw=",
            "content_base64sha512": "Upk5+Ct6kkMfeuidVpwEUrUTTuDTlsgOZGwzVdkzwBVN7UeRhqAs2MbVR9BzvQ8Xwlk10+Wy1cELGvPMthPGsA==",
            "content_md5": "aae61b8efe488ed576c2a1bcae60bacf",
            "content_sha1": "10e16c551534342198f8189d485ca5a10455f615",
            "content_sha256": "2482e513fb9d908990da240c822539c91d06afcd977bde7406b5189410d87dfc",
            "content_sha512": "529939f82b7a92431f7ae89d569c0452b5134ee0d396c80e646c3355d933c0154ded479186a02cd8c6d547d073bd0f17c25935d3e5b2d5c10b1af3ccb613c6b0",
            "directory_permission": "0777",
            "file_permission": "0777",
            "filename": "./app.txt",
            "id": "10e16c551534342198f8189d485ca5a10455f615",
            "sensitive_content": null,
            "source": null
          },
          "sensitive_attributes": [
            [
              {
                "type": "get_attr",
                "value": "sensitive_content"
              }
            ]
          ],
          "identity_schema_version": 0,
          "dependencies": [
            "local_file.config"
          ]
        }
      ]
    },
    {
      "mode": "managed",
      "type": "local_file",
      "name": "config",
      "provider": "provider[\"registry.terraform.io/hashicorp/local\"]",
      "instances": [
        {
          "schema_version": 0,
          "attributes": {
            "content": "Configuration v1",
            "content_base64": null,
            "content_base64sha256": "KWDN1QlGXINFRRn4im8AKYzucRgQYPfKcBfnr76aTO4=",
            "content_base64sha512": "gdiTYQ3vyyjtNfVj31w23QgQGANygAT6v8Iouhg0M+j0ey7OXLPQEnU24IqGIpBodGIDxq4Dd2ph+fEk0GdCJw==",
            "content_md5": "f7d2063cb8bf5a1b45abf4ff19c183f6",
            "content_sha1": "e86e6326c67243df89aa4fa62a30c635eaabc20a",
            "content_sha256": "2960cdd509465c83454519f88a6f00298cee71181060f7ca7017e7afbe9a4cee",
            "content_sha512": "81d893610defcb28ed35f563df5c36dd08101803728004fabfc228ba183433e8f47b2ece5cb3d0127536e08a86229068746203c6ae03776a61f9f124d0674227",
            "directory_permission": "0777",
            "file_permission": "0777",
            "filename": "./config.txt",
            "id": "e86e6326c67243df89aa4fa62a30c635eaabc20a",
            "sensitive_content": null,
            "source": null
          },
          "sensitive_attributes": [
            [
              {
                "type": "get_attr",
                "value": "sensitive_content"
              }
            ]
          ],
          "identity_schema_version": 0
        }
      ]
    }
  ],
  "check_results": null
}
